
Microsoft Visual Studio Solution File, Format Version 12.00
# Visual Studio 15
Project("{FAE04EC0-301F-11D3-BF4B-00C04F79EFBC}") = "ColinChang.ShellHelper", "ColinChang.ShellHelper\ColinChang.ShellHelper.csproj", "{A549C207-98DC-4D98-9B05-300C41941B75}"
EndProject
Project("{FAE04EC0-301F-11D3-BF4B-00C04F79EFBC}") = "ColinChang.ShellHelper.Sample", "ColinChang.ShellHelper.Sample\ColinChang.ShellHelper.Sample.csproj", "{C96A9477-C27D-471E-8AEC-484DF0E917FE}"
EndProject
Global
	GlobalSection(SolutionConfigurationPlatforms) = preSolution
		Debug|Any CPU = Debug|Any CPU
		Release|Any CPU = Release|Any CPU
	EndGlobalSection
	GlobalSection(ProjectConfigurationPlatforms) = postSolution
		{A549C207-98DC-4D98-9B05-300C41941B75}.Debug|Any CPU.ActiveCfg = Debug|Any CPU
		{A549C207-98DC-4D98-9B05-300C41941B75}.Debug|Any CPU.Build.0 = Debug|Any CPU
		{A549C207-98DC-4D98-9B05-300C41941B75}.Release|Any CPU.ActiveCfg = Release|Any CPU
		{A549C207-98DC-4D98-9B05-300C41941B75}.Release|Any CPU.Build.0 = Release|Any CPU
		{C96A9477-C27D-471E-8AEC-484DF0E917FE}.Debug|Any CPU.ActiveCfg = Debug|Any CPU
		{C96A9477-C27D-471E-8AEC-484DF0E917FE}.Debug|Any CPU.Build.0 = Debug|Any CPU
		{C96A9477-C27D-471E-8AEC-484DF0E917FE}.Release|Any CPU.ActiveCfg = Release|Any CPU
		{C96A9477-C27D-471E-8AEC-484DF0E917FE}.Release|Any CPU.Build.0 = Release|Any CPU
	EndGlobalSection
EndGlobal
